// !$*UTF8*$!
{
	archiveVersion = 1;
	classes = {
	};
	objectVersion = 50;
	objects = {

/* Begin PBXBuildFile section */
		63A13A35BF47B9B894660EC0 /* Pods_EurekaDemo.framework in Frameworks */ = {isa = PBXBuildFile; fileRef = 94EC304C8CB88B352D219946 /* Pods_EurekaDemo.framework */; };
		BA545CC4212AC27900CC87B6 /* AppDelegate.swift in Sources */ = {isa = PBXBuildFile; fileRef = BA545CC3212AC27900CC87B6 /* AppDelegate.swift */; };
		BA545CC6212AC27900CC87B6 /* ViewController.swift in Sources */ = {isa = PBXBuildFile; fileRef = BA545CC5212AC27900CC87B6 /* ViewController.swift */; };
		BA545CC9212AC27900CC87B6 /* Main.storyboard in Resources */ = {isa = PBXBuildFile; fileRef = BA545CC7212AC27900CC87B6 /* Main.storyboard */; };
		BA545CCB212AC27B00CC87B6 /* Assets.xcassets in Resources */ = {isa = PBXBuildFile; fileRef = BA545CCA212AC27B00CC87B6 /* Assets.xcassets */; };
		BA545CCE212AC27B00CC87B6 /* LaunchScreen.storyboard in Resources */ = {isa = PBXBuildFile; fileRef = BA545CCC212AC27B00CC87B6 /* LaunchScreen.storyboard */; };
		BA545CD6212AC89D00CC87B6 /* CustomiseViewController.swift in Sources */ = {isa = PBXBuildFile; fileRef = BA545CD5212AC89D00CC87B6 /* CustomiseViewController.swift */; };
/* End PBXBuildFile section */

/* Begin PBXFileReference section */
		94EC304C8CB88B352D219946 /* Pods_EurekaDemo.framework */ = {isa = PBXFileReference; explicitFileType = wrapper.framework; includeInIndex = 0; path = Pods_EurekaDemo.framework; sourceTree = BUILT_PRODUCTS_DIR; };
		961AFB4D0663E018CD1363E8 /* Pods-EurekaDemo.debug.xcconfig */ = {isa = PBXFileReference; includeInIndex = 1; lastKnownFileType = text.xcconfig; name = "Pods-EurekaDemo.debug.xcconfig"; path = "Pods/Target Support Files/Pods-EurekaDemo/Pods-EurekaDemo.debug.xcconfig"; sourceTree = "<group>"; };
		BA545CC0212AC27900CC87B6 /* EurekaDemo.app */ = {isa = PBXFileReference; explicitFileType = wrapper.application; includeInIndex = 0; path = EurekaDemo.app; sourceTree = BUILT_PRODUCTS_DIR; };
		BA545CC3212AC27900CC87B6 /* AppDelegate.swift */ = {isa = PBXFileReference; lastKnownFileType = sourcecode.swift; path = AppDelegate.swift; sourceTree = "<group>"; };
		BA545CC5212AC27900CC87B6 /* ViewController.swift */ = {isa = PBXFileReference; lastKnownFileType = sourcecode.swift; path = ViewController.swift; sourceTree = "<group>"; };
		BA545CC8212AC27900CC87B6 /* Base */ = {isa = PBXFileReference; lastKnownFileType = file.storyboard; name = Base; path = Base.lproj/Main.storyboard; sourceTree = "<group>"; };
		BA545CCA212AC27B00CC87B6 /* Assets.xcassets */ = {isa = PBXFileReference; lastKnownFileType = folder.assetcatalog; path = Assets.xcassets; sourceTree = "<group>"; };
		BA545CCD212AC27B00CC87B6 /* Base */ = {isa = PBXFileReference; lastKnownFileType = file.storyboard; name = Base; path = Base.lproj/LaunchScreen.storyboard; sourceTree = "<group>"; };
		BA545CCF212AC27B00CC87B6 /* Info.plist */ = {isa = PBXFileReference; lastKnownFileType = text.plist.xml; path = Info.plist; sourceTree = "<group>"; };
		BA545CD5212AC89D00CC87B6 /* CustomiseViewController.swift */ = {isa = PBXFileReference; lastKnownFileType = sourcecode.swift; path = CustomiseViewController.swift; sourceTree = "<group>"; };
		BA9E3C827040D88BCE65BC72 /* Pods-EurekaDemo.release.xcconfig */ = {isa = PBXFileReference; includeInIndex = 1; lastKnownFileType = text.xcconfig; name = "Pods-EurekaDemo.release.xcconfig"; path = "Pods/Target Support Files/Pods-EurekaDemo/Pods-EurekaDemo.release.xcconfig"; sourceTree = "<group>"; };
/* End PBXFileReference section */

/* Begin PBXFrameworksBuildPhase section */
		BA545CBD212AC27900CC87B6 /* Frameworks */ = {
			isa = PBXFrameworksBuildPhase;
			buildActionMask = 2147483647;
			files = (
				63A13A35BF47B9B894660EC0 /* Pods_EurekaDemo.framework in Frameworks */,
			);
			runOnlyForDeploymentPostprocessing = 0;
		};
/* End PBXFrameworksBuildPhase section */

/* Begin PBXGroup section */
		258CDEE13B85F914C81F0577 /* Frameworks */ = {
			isa = PBXGroup;
			children = (
				94EC304C8CB88B352D219946 /* Pods_EurekaDemo.framework */,
			);
			name = Frameworks;
			sourceTree = "<group>";
		};
		BA545CB7212AC27900CC87B6 = {
			isa = PBXGroup;
			children = (
				BA545CC2212AC27900CC87B6 /* EurekaDemo */,
				BA545CC1212AC27900CC87B6 /* Products */,
				DDCB05513DC870633A936CC0 /* Pods */,
				258CDEE13B85F914C81F0577 /* Frameworks */,
			);
			sourceTree = "<group>";
		};
		BA545CC1212AC27900CC87B6 /* Products */ = {
			isa = PBXGroup;
			children = (
				BA545CC0212AC27900CC87B6 /* EurekaDemo.app */,
			);
			name = Products;
			sourceTree = "<group>";
		};
		BA545CC2212AC27900CC87B6 /* EurekaDemo */ = {
			isa = PBXGroup;
			children = (
				BA545CC3212AC27900CC87B6 /* AppDelegate.swift */,
				BA545CC5212AC27900CC87B6 /* ViewController.swift */,
				BA545CD5212AC89D00CC87B6 /* CustomiseViewController.swift */,
				BA545CC7212AC27900CC87B6 /* Main.storyboard */,
				BA545CCA212AC27B00CC87B6 /* Assets.xcassets */,
				BA545CCC212AC27B00CC87B6 /* LaunchScreen.storyboard */,
				BA545CCF212AC27B00CC87B6 /* Info.plist */,
			);
			path = EurekaDemo;
			sourceTree = "<group>";
		};
		DDCB05513DC870633A936CC0 /* Pods */ = {
			isa = PBXGroup;
			children = (
				961AFB4D0663E018CD1363E8 /* Pods-EurekaDemo.debug.xcconfig */,
				BA9E3C827040D88BCE65BC72 /* Pods-EurekaDemo.release.xcconfig */,
			);
			name = Pods;
			sourceTree = "<group>";
		};
/* End PBXGroup section */

/* Begin PBXNativeTarget section */
		BA545CBF212AC27900CC87B6 /* EurekaDemo */ = {
			isa = PBXNativeTarget;
			buildConfigurationList = BA545CD2212AC27B00CC87B6 /* Build configuration list for PBXNativeTarget "EurekaDemo" */;
			buildPhases = (
				0A8FD72FFCDE1F7BDA311E06 /* [CP] Check Pods Manifest.lock */,
				BA545CBC212AC27900CC87B6 /* Sources */,
				BA545CBD212AC27900CC87B6 /* Frameworks */,
				BA545CBE212AC27900CC87B6 /* Resources */,
				4255DC06778034F9E575528D /* [CP] Embed Pods Frameworks */,
				3EAEA83CD744F1016DC518F4 /* [CP] Copy Pods Resources */,
			);
			buildRules = (
			);
			dependencies = (
			);
			name = EurekaDemo;
			productName = EurekaDemo;
			productReference = BA545CC0212AC27900CC87B6 /* EurekaDemo.app */;
			productType = "com.apple.product-type.application";
		};
/* End PBXNativeTarget section */

/* Begin PBXProject section */
		BA545CB8212AC27900CC87B6 /* Project object */ = {
			isa = PBXProject;
			attributes = {
				LastSwiftUpdateCheck = 0930;
				LastUpgradeCheck = 0930;
				ORGANIZATIONNAME = asmita.borawake;
				TargetAttributes = {
					BA545CBF212AC27900CC87B6 = {
						CreatedOnToolsVersion = 9.3.1;
					};
				};
			};
			buildConfigurationList = BA545CBB212AC27900CC87B6 /* Build configuration list for PBXProject "EurekaDemo" */;
			compatibilityVersion = "Xcode 9.3";
			developmentRegion = en;
			hasScannedForEncodings = 0;
			knownRegions = (
				en,
				Base,
			);
			mainGroup = BA545CB7212AC27900CC87B6;
			productRefGroup = BA545CC1212AC27900CC87B6 /* Products */;
			projectDirPath = "";
			projectRoot = "";
			targets = (
				BA545CBF212AC27900CC87B6 /* EurekaDemo */,
			);
		};
/* End PBXProject section */

/* Begin PBXResourcesBuildPhase section */
		BA545CBE212AC27900CC87B6 /* Resources */ = {
			isa = PBXResourcesBuildPhase;
			buildActionMask = 2147483647;
			files = (
				BA545CCE212AC27B00CC87B6 /* LaunchScreen.storyboard in Resources */,
				BA545CCB212AC27B00CC87B6 /* Assets.xcassets in Resources */,
				BA545CC9212AC27900CC87B6 /* Main.storyboard in Resources */,
			);
			runOnlyForDeploymentPostprocessing = 0;
		};
/* End PBXResourcesBuildPhase section */

/* Begin PBXShellScriptBuildPhase section */
		0A8FD72FFCDE1F7BDA311E06 /* [CP] Check Pods Manifest.lock */ = {
			isa = PBXShellScriptBuildPhase;
			buildActionMask = 2147483647;
			files = (
			);
			inputPaths = (
				"${PODS_PODFILE_DIR_PATH}/Podfile.lock",
				"${PODS_ROOT}/Manifest.lock",
			);
			name = "[CP] Check Pods Manifest.lock";
			outputPaths = (
				"$(DERIVED_FILE_DIR)/Pods-EurekaDemo-checkManifestLockResult.txt",
			);
			runOnlyForDeploymentPostprocessing = 0;
			shellPath = /bin/sh;
			shellScript = "diff \"${PODS_PODFILE_DIR_PATH}/Podfile.lock\" \"${PODS_ROOT}/Manifest.lock\" > /dev/null\nif [ $? != 0 ] ; then\n    # print error to STDERR\n    echo \"error: The sandbox is not in sync with the Podfile.lock. Run 'pod install' or update your CocoaPods installation.\" >&2\n    exit 1\nfi\n# This output is used by Xcode 'outputs' to avoid re-running this script phase.\necho \"SUCCESS\" > \"${SCRIPT_OUTPUT_FILE_0}\"\n";
			showEnvVarsInLog = 0;
		};
		3EAEA83CD744F1016DC518F4 /* [CP] Copy Pods Resources */ = {
			isa = PBXShellScriptBuildPhase;
			buildActionMask = 2147483647;
			files = (
			);
			inputPaths = (
			);
			name = "[CP] Copy Pods Resources";
			outputPaths = (
			);
			runOnlyForDeploymentPostprocessing = 0;
			shellPath = /bin/sh;
			shellScript = "\"${SRCROOT}/Pods/Target Support Files/Pods-EurekaDemo/Pods-EurekaDemo-resources.sh\"\n";
			showEnvVarsInLog = 0;
		};
		4255DC06778034F9E575528D /* [CP] Embed Pods Frameworks */ = {
			isa = PBXShellScriptBuildPhase;
			buildActionMask = 2147483647;
			files = (
			);
			inputPaths = (
				"${SRCROOT}/Pods/Target Support Files/Pods-EurekaDemo/Pods-EurekaDemo-frameworks.sh",
				"${BUILT_PRODUCTS_DIR}/Eureka/Eureka.framework",
			);
			name = "[CP] Embed Pods Frameworks";
			outputPaths = (
				"${TARGET_BUILD_DIR}/${FRAMEWORKS_FOLDER_PATH}/Eureka.framework",
			);
			runOnlyForDeploymentPostprocessing = 0;
			shellPath = /bin/sh;
			shellScript = "\"${SRCROOT}/Pods/Target Support Files/Pods-EurekaDemo/Pods-EurekaDemo-frameworks.sh\"\n";
			showEnvVarsInLog = 0;
		};
/* End PBXShellScriptBuildPhase section */

/* Begin PBXSourcesBuildPhase section */
		BA545CBC212AC27900CC87B6 /* Sources */ = {
			isa = PBXSourcesBuildPhase;
			buildActionMask = 2147483647;
			files = (
				BA545CC6212AC27900CC87B6 /* ViewController.swift in Sources */,
				BA545CC4212AC27900CC87B6 /* AppDelegate.swift in Sources */,
				BA545CD6212AC89D00CC87B6 /* CustomiseViewController.swift in Sources */,
			);
			runOnlyForDeploymentPostprocessing = 0;
		};
/* End PBXSourcesBuildPhase section */

/* Begin PBXVariantGroup section */
		BA545CC7212AC27900CC87B6 /* Main.storyboard */ = {
			isa = PBXVariantGroup;
			children = (
				BA545CC8212AC27900CC87B6 /* Base */,
			);
			name = Main.storyboard;
			sourceTree = "<group>";
		};
		BA545CCC212AC27B00CC87B6 /* LaunchScreen.storyboard */ = {
			isa = PBXVariantGroup;
			children = (
				BA545CCD212AC27B00CC87B6 /* Base */,
			);
			name = LaunchScreen.storyboard;
			sourceTree = "<group>";
		};
/* End PBXVariantGroup section */

/* Begin XCBuildConfiguration section */
		BA545CD0212AC27B00CC87B6 /* Debug */ = {
			isa = XCBuildConfiguration;
			buildSettings = {
				ALWAYS_SEARCH_USER_PATHS = NO;
				CLANG_ANALYZER_NONNULL = YES;
				CLANG_ANALYZER_NUMBER_OBJECT_CONVERSION = YES_AGGRESSIVE;
				CLANG_CXX_LANGUAGE_STANDARD = "gnu++14";
				CLANG_CXX_LIBRARY = "libc++";
				CLANG_ENABLE_MODULES = YES;
				CLANG_ENABLE_OBJC_ARC = YES;
				CLANG_ENABLE_OBJC_WEAK = YES;
				CLANG_WARN_BLOCK_CAPTURE_AUTORELEASING = YES;
				CLANG_WARN_BOOL_CONVERSION = YES;
				CLANG_WARN_COMMA = YES;
				CLANG_WARN_CONSTANT_CONVERSION = YES;
				CLANG_WARN_DEPRECATED_OBJC_IMPLEMENTATIONS = YES;
				CLANG_WARN_DIRECT_OBJC_ISA_USAGE = YES_ERROR;
				CLANG_WARN_DOCUMENTATION_COMMENTS = YES;
				CLANG_WARN_EMPTY_BODY = YES;
				CLANG_WARN_ENUM_CONVERSION = YES;
				CLANG_WARN_INFINITE_RECURSION = YES;
				CLANG_WARN_INT_CONVERSION = YES;
				CLANG_WARN_NON_LITERAL_NULL_CONVERSION = YES;
				CLANG_WARN_OBJC_IMPLICIT_RETAIN_SELF = YES;
				CLANG_WARN_OBJC_LITERAL_CONVERSION = YES;
				CLANG_WARN_OBJC_ROOT_CLASS = YES_ERROR;
				CLANG_WARN_RANGE_LOOP_ANALYSIS = YES;
				CLANG_WARN_STRICT_PROTOTYPES = YES;
				CLANG_WARN_SUSPICIOUS_MOVE = YES;
				CLANG_WARN_UNGUARDED_AVAILABILITY = YES_AGGRESSIVE;
				CLANG_WARN_UNREACHABLE_CODE = YES;
				CLANG_WARN__DUPLICATE_METHOD_MATCH = YES;
				CODE_SIGN_IDENTITY = "iPhone Developer";
				COPY_PHASE_STRIP = NO;
				DEBUG_INFORMATION_FORMAT = dwarf;
				ENABLE_STRICT_OBJC_MSGSEND = YES;
				ENABLE_TESTABILITY = YES;
				GCC_C_LANGUAGE_STANDARD = gnu11;
				GCC_DYNAMIC_NO_PIC = NO;
				GCC_NO_COMMON_BLOCKS = YES;
				GCC_OPTIMIZATION_LEVEL = 0;
				GCC_PREPROCESSOR_DEFINITIONS = (
					"DEBUG=1",
					"$(inherited)",
				);
				GCC_WARN_64_TO_32_BIT_CONVERSION = YES;
				GCC_WARN_ABOUT_RETURN_TYPE = YES_ERROR;
				GCC_WARN_UNDECLARED_SELECTOR = YES;
				GCC_WARN_UNINITIALIZED_AUTOS = YES_AGGRESSIVE;
				GCC_WARN_UNUSED_FUNCTION = YES;
				GCC_WARN_UNUSED_VARIABLE = YES;
				IPHONEOS_DEPLOYMENT_TARGET = 11.3;
				MTL_ENABLE_DEBUG_INFO = YES;
				ONLY_ACTIVE_ARCH = YES;
				SDKROOT = iphoneos;
				SWIFT_ACTIVE_COMPILATION_CONDITIONS = DEBUG;
				SWIFT_OPTIMIZATION_LEVEL = "-Onone";
			};
			name = Debug;
		};
		BA545CD1212AC27B00CC87B6 /* Release */ = {
			isa = XCBuildConfiguration;
			buildSettings = {
				ALWAYS_SEARCH_USER_PATHS = NO;
				CLANG_ANALYZER_NONNULL = YES;
				CLANG_ANALYZER_NUMBER_OBJECT_CONVERSION = YES_AGGRESSIVE;
				CLANG_CXX_LANGUAGE_STANDARD = "gnu++14";
				CLANG_CXX_LIBRARY = "libc++";
				CLANG_ENABLE_MODULES = YES;
				CLANG_ENABLE_OBJC_ARC = YES;
				CLANG_ENABLE_OBJC_WEAK = YES;
				CLANG_WARN_BLOCK_CAPTURE_AUTORELEASING = YES;
				CLANG_WARN_BOOL_CONVERSION = YES;
				CLANG_WARN_COMMA = YES;
				CLANG_WARN_CONSTANT_CONVERSION = YES;
				CLANG_WARN_DEPRECATED_OBJC_IMPLEMENTATIONS = YES;
				CLANG_WARN_DIRECT_OBJC_ISA_USAGE = YES_ERROR;
				CLANG_WARN_DOCUMENTATION_COMMENTS = YES;
				CLANG_WARN_EMPTY_BODY = YES;
				CLANG_WARN_ENUM_CONVERSION = YES;
				CLANG_WARN_INFINITE_RECURSION = YES;
				CLANG_WARN_INT_CONVERSION = YES;
				CLANG_WARN_NON_LITERAL_NULL_CONVERSION = YES;
				CLANG_WARN_OBJC_IMPLICIT_RETAIN_SELF = YES;
				CLANG_WARN_OBJC_LITERAL_CONVERSION = YES;
				CLANG_WARN_OBJC_ROOT_CLASS = YES_ERROR;
				CLANG_WARN_RANGE_LOOP_ANALYSIS = YES;
				CLANG_WARN_STRICT_PROTOTYPES = YES;
				CLANG_WARN_SUSPICIOUS_MOVE = YES;
				CLANG_WARN_UNGUARDED_AVAILABILITY = YES_AGGRESSIVE;
				CLANG_WARN_UNREACHABLE_CODE = YES;
				CLANG_WARN__DUPLICATE_METHOD_MATCH = YES;
				CODE_SIGN_IDENTITY = "iPhone Developer";
				COPY_PHASE_STRIP = NO;
				DEBUG_INFORMATION_FORMAT = "dwarf-with-dsym";
				ENABLE_NS_ASSERTIONS = NO;
				ENABLE_STRICT_OBJC_MSGSEND = YES;
				GCC_C_LANGUAGE_STANDARD = gnu11;
				GCC_NO_COMMON_BLOCKS = YES;
				GCC_WARN_64_TO_32_BIT_CONVERSION = YES;
				GCC_WARN_ABOUT_RETURN_TYPE = YES_ERROR;
				GCC_WARN_UNDECLARED_SELECTOR = YES;
				GCC_WARN_UNINITIALIZED_AUTOS = YES_AGGRESSIVE;
				GCC_WARN_UNUSED_FUNCTION = YES;
				GCC_WARN_UNUSED_VARIABLE = YES;
				IPHONEOS_DEPLOYMENT_TARGET = 11.3;
				MTL_ENABLE_DEBUG_INFO = NO;
				SDKROOT = iphoneos;
				SWIFT_COMPILATION_MODE = wholemodule;
				SWIFT_OPTIMIZATION_LEVEL = "-O";
				VALIDATE_PRODUCT = YES;
			};
			name = Release;
		};
		BA545CD3212AC27B00CC87B6 /* Debug */ = {
			isa = XCBuildConfiguration;
			baseConfigurationReference = 961AFB4D0663E018CD1363E8 /* Pods-EurekaDemo.debug.xcconfig */;
			buildSettings = {
				ASSETCATALOG_COMPILER_APPICON_NAME = AppIcon;
				CODE_SIGN_STYLE = Automatic;
				INFOPLIST_FILE = EurekaDemo/Info.plist;
				LD_RUNPATH_SEARCH_PATHS = (
					"$(inherited)",
					"@executable_path/Frameworks",
				);
				PRODUCT_BUNDLE_IDENTIFIER = com.innoplexus.demo.EurekaDemo;
				PRODUCT_NAME = "$(TARGET_NAME)";
				SWIFT_VERSION = 4.0;
				TARGETED_DEVICE_FAMILY = "1,2";
			};
			name = Debug;
		};
		BA545CD4212AC27B00CC87B6 /* Release */ = {
			isa = XCBuildConfiguration;
			baseConfigurationReference = BA9E3C827040D88BCE65BC72 /* Pods-EurekaDemo.release.xcconfig */;
			buildSettings = {
				ASSETCATALOG_COMPILER_APPICON_NAME = AppIcon;
				CODE_SIGN_STYLE = Automatic;
				INFOPLIST_FILE = EurekaDemo/Info.plist;
				LD_RUNPATH_SEARCH_PATHS = (
					"$(inherited)",
					"@executable_path/Frameworks",
				);
				PRODUCT_BUNDLE_IDENTIFIER = com.innoplexus.demo.EurekaDemo;
				PRODUCT_NAME = "$(TARGET_NAME)";
				SWIFT_VERSION = 4.0;
				TARGETED_DEVICE_FAMILY = "1,2";
			};
			name = Release;
		};
/* End XCBuildConfiguration section */

/* Begin XCConfigurationList section */
		BA545CBB212AC27900CC87B6 /* Build configuration list for PBXProject "EurekaDemo" */ = {
			isa = XCConfigurationList;
			buildConfigurations = (
				BA545CD0212AC27B00CC87B6 /* Debug */,
				BA545CD1212AC27B00CC87B6 /* Release */,
			);
			defaultConfigurationIsVisible = 0;
			defaultConfigurationName = Release;
		};
		BA545CD2212AC27B00CC87B6 /* Build configuration list for PBXNativeTarget "EurekaDemo" */ = {
			isa = XCConfigurationList;
			buildConfigurations = (
				BA545CD3212AC27B00CC87B6 /* Debug */,
				BA545CD4212AC27B00CC87B6 /* Release */,
			);
			defaultConfigurationIsVisible = 0;
			defaultConfigurationName = Release;
		};
/* End XCConfigurationList section */
	};
	rootObject = BA545CB8212AC27900CC87B6 /* Project object */;
}
